{
  "name": "easyparallax4",
  "version": "4.0.0",
  "lockfileVersion": 3,
  "requires": true,
  "packages": {
    "": {
      "name": "easyparallax4",
      "version": "4.0.0",
      "dependencies": {
        "gsap": "3.13.0",
        "jquery": "3.7.1"
      }
    },
    "node_modules/gsap": {
      "version": "3.13.0",
      "resolved": "https://registry.npmjs.org/gsap/-/gsap-3.13.0.tgz",
      "integrity": "sha512-QL7MJ2WMjm1PHWsoFrAQH/J8wUeqZvMtHO58qdekHpCfhvhSL4gSiz6vJf5EeMP0LOn3ZCprL2ki/gjED8ghVw==",
      "license": "Standard 'no charge' license: https://gsap.com/standard-license."
    },
    "node_modules/jquery": {
      "version": "3.7.1",
      "resolved": "https://registry.npmjs.org/jquery/-/jquery-3.7.1.tgz",
      "integrity": "sha512-m4avr8yL8kmFN8psrbFFFmB/If14iN5o9nw/NgnnM+kybDJpRsAynV2BsfpTYrTRysYUdADVD7CkUUizgkpLfg==",
      "license": "MIT"
    }
  }
}
