{
  "name": "easyparallax4",
  "version": "4.0.0",
  "lockfileVersion": 3,
  "requires": true,
  "packages": {
    "": {
      "name": "easyparallax4",
      "version": "4.0.0",
      "dependencies": {
        "gsap": "1.20.6",
        "jquery": "3.5.1"
      }
    },
    "node_modules/gsap": {
      "version": "1.20.6",
      "resolved": "https://registry.npmjs.org/gsap/-/gsap-1.20.6.tgz",
      "integrity": "sha512-XM2BdaoJP23KSg/u4FnsqVI+HI7/jcVZbHFU8JfzNLvPCF08yf4a/WRFP/lQ5gbWydpL7g/YKjPe/PMpw+5WJQ==",
      "license": "Standard 'no charge' license: https://greensock.com/standard-license. Club GreenSock members get more: https://greensock.com/licensing/. Why GreenSock doesn't employ an MIT license: https://greensock.com/why-license/"
    },
    "node_modules/jquery": {
      "version": "3.5.1",
      "resolved": "https://registry.npmjs.org/jquery/-/jquery-3.5.1.tgz",
      "integrity": "sha512-XwIBPqcMn57FxfT+Go5pzySnm4KWkT1Tv7gjrpT1srtf8Weynl6R273VJ5GjkRb51IzMp5nbaPjJXMWeju2MKg==",
      "license": "MIT"
    }
  }
}
