# THIS IS AN AUTOGENERATED FILE. DO NOT EDIT THIS FILE DIRECTLY.
# yarn lockfile v1


gsap@3.6.0:
  version "3.6.0"
  resolved "https://registry.yarnpkg.com/gsap/-/gsap-3.6.0.tgz#925f25370c698ce0f6ea563522da8f6b5ed21b0a"
  integrity sha512-0P3syv1TmYr+A/VZ8UMFzw+s0XoaKSzzDFs8NqkXiJTXI4E/VTi0zRjPgxaPBpiUPPycgRnFjLDe0Tb4dRRf+w==

jquery@3.5.1:
  version "3.5.1"
  resolved "https://registry.yarnpkg.com/jquery/-/jquery-3.5.1.tgz#d7b4d08e1bfdb86ad2f1a3d039ea17304717abb5"
  integrity sha512-XwIBPqcMn57FxfT+Go5pzySnm4KWkT1Tv7gjrpT1srtf8Weynl6R273VJ5GjkRb51IzMp5nbaPjJXMWeju2MKg==
